
Microsoft Visual Studio Solution File, Format Version 12.00
# Visual Studio Version 16
VisualStudioVersion = 16.0.32106.194
MinimumVisualStudioVersion = 10.0.40219.1
Project("{FAE04EC0-301F-11D3-BF4B-00C04F79EFBC}") = "FlopOverflow", "FlopOverflow.csproj", "{B9F26566-D21B-4AEB-9DFB-1A080226A8D4}"
EndProject
Global
	GlobalSection(SolutionConfigurationPlatforms) = preSolution
		Debug|Any CPU = Debug|Any CPU
		Release|Any CPU = Release|Any CPU
	EndGlobalSection
	GlobalSection(ProjectConfigurationPlatforms) = postSolution
		{B9F26566-D21B-4AEB-9DFB-1A080226A8D4}.Debug|Any CPU.ActiveCfg = Debug|Any CPU
		{B9F26566-D21B-4AEB-9DFB-1A080226A8D4}.Debug|Any CPU.Build.0 = Debug|Any CPU
		{B9F26566-D21B-4AEB-9DFB-1A080226A8D4}.Release|Any CPU.ActiveCfg = Release|Any CPU
		{B9F26566-D21B-4AEB-9DFB-1A080226A8D4}.Release|Any CPU.Build.0 = Release|Any CPU
	EndGlobalSection
	GlobalSection(SolutionProperties) = preSolution
		HideSolutionNode = FALSE
	EndGlobalSection
	GlobalSection(ExtensibilityGlobals) = postSolution
		SolutionGuid = {586EE1A4-965F-46D4-81EB-09D2E716242A}
	EndGlobalSection
EndGlobal
